PODS:
  - Capacitor (7.4.1):
    - CapacitorCordova
  - CapacitorCordova (7.4.1)
  - CapacitorDevice (7.0.1):
    - Capacitor

DEPENDENCIES:
  - "Capacitor (from `../../node_modules/@capacitor/ios`)"
  - "CapacitorCordova (from `../../node_modules/@capacitor/ios`)"
  - "CapacitorDevice (from `../../node_modules/@capacitor/device`)"

EXTERNAL SOURCES:
  Capacitor:
    :path: "../../node_modules/@capacitor/ios"
  CapacitorCordova:
    :path: "../../node_modules/@capacitor/ios"
  CapacitorDevice:
    :path: "../../node_modules/@capacitor/device"

SPEC CHECKSUMS:
  Capacitor: 78ad32d4b0d9dfa25402eb8b0ac46c2b8a4696b8
  CapacitorCordova: 34618fa1b14b6b091fd60a7658f7654044ae8d8a
  CapacitorDevice: c6f6d587dd310527f8a48bf09c4e7b4a4cf14329

PODFILE CHECKSUM: aef20169c4a7cc7a897ad3a1a9406dca45dd46ac

COCOAPODS: 1.16.2
